// !$*UTF8*$!
{
	archiveVersion = 1;
	classes = {
	};
	objectVersion = 55;
	objects = {

/* Begin PBXBuildFile section */
		21F3CAFB274D0AA2003A63C1 /* ShowcaseApp.swift in Sources */ = {isa = PBXBuildFile; fileRef = 21F3CAFA274D0AA2003A63C1 /* ShowcaseApp.swift */; };
		21F3CAFD274D0AA2003A63C1 /* ContentView.swift in Sources */ = {isa = PBXBuildFile; fileRef = 21F3CAFC274D0AA2003A63C1 /* ContentView.swift */; };
		21F3CAFF274D0AA4003A63C1 /* Assets.xcassets in Resources */ = {isa = PBXBuildFile; fileRef = 21F3CAFE274D0AA4003A63C1 /* Assets.xcassets */; };
		21F3CB02274D0AA4003A63C1 /* Preview Assets.xcassets in Resources */ = {isa = PBXBuildFile; fileRef = 21F3CB01274D0AA4003A63C1 /* Preview Assets.xcassets */; };
		21F3CB09274D1047003A63C1 /* ProjectsView.swift in Sources */ = {isa = PBXBuildFile; fileRef = 21F3CB08274D1047003A63C1 /* ProjectsView.swift */; };
		21F3CB0B274D1066003A63C1 /* TeamView.swift in Sources */ = {isa = PBXBuildFile; fileRef = 21F3CB0A274D1066003A63C1 /* TeamView.swift */; };
		21F3CB0D274D107B003A63C1 /* VideosView.swift in Sources */ = {isa = PBXBuildFile; fileRef = 21F3CB0C274D107B003A63C1 /* VideosView.swift */; };
		21F3CB0F274D1549003A63C1 /* CustomTabView.swift in Sources */ = {isa = PBXBuildFile; fileRef = 21F3CB0E274D1549003A63C1 /* CustomTabView.swift */; };
		21F3CB11274D223F003A63C1 /* Videos.swift in Sources */ = {isa = PBXBuildFile; fileRef = 21F3CB10274D223F003A63C1 /* Videos.swift */; };
		21F3CB15274D6EE4003A63C1 /* Projects.swift in Sources */ = {isa = PBXBuildFile; fileRef = 21F3CB14274D6EE4003A63C1 /* Projects.swift */; };
		21F3CB17274D7196003A63C1 /* ProjectsDetailView.swift in Sources */ = {isa = PBXBuildFile; fileRef = 21F3CB16274D7196003A63C1 /* ProjectsDetailView.swift */; };
/* End PBXBuildFile section */

/* Begin PBXFileReference section */
		21F3CAF7274D0AA2003A63C1 /* Showcase.app */ = {isa = PBXFileReference; explicitFileType = wrapper.application; includeInIndex = 0; path = Showcase.app; sourceTree = BUILT_PRODUCTS_DIR; };
		21F3CAFA274D0AA2003A63C1 /* ShowcaseApp.swift */ = {isa = PBXFileReference; lastKnownFileType = sourcecode.swift; path = ShowcaseApp.swift; sourceTree = "<group>"; };
		21F3CAFC274D0AA2003A63C1 /* ContentView.swift */ = {isa = PBXFileReference; lastKnownFileType = sourcecode.swift; path = ContentView.swift; sourceTree = "<group>"; };
		21F3CAFE274D0AA4003A63C1 /* Assets.xcassets */ = {isa = PBXFileReference; lastKnownFileType = folder.assetcatalog; path = Assets.xcassets; sourceTree = "<group>"; };
		21F3CB01274D0AA4003A63C1 /* Preview Assets.xcassets */ = {isa = PBXFileReference; lastKnownFileType = folder.assetcatalog; path = "Preview Assets.xcassets"; sourceTree = "<group>"; };
		21F3CB08274D1047003A63C1 /* ProjectsView.swift */ = {isa = PBXFileReference; lastKnownFileType = sourcecode.swift; path = ProjectsView.swift; sourceTree = "<group>"; };
		21F3CB0A274D1066003A63C1 /* TeamView.swift */ = {isa = PBXFileReference; lastKnownFileType = sourcecode.swift; path = TeamView.swift; sourceTree = "<group>"; };
		21F3CB0C274D107B003A63C1 /* VideosView.swift */ = {isa = PBXFileReference; lastKnownFileType = sourcecode.swift; path = VideosView.swift; sourceTree = "<group>"; };
		21F3CB0E274D1549003A63C1 /* CustomTabView.swift */ = {isa = PBXFileReference; lastKnownFileType = sourcecode.swift; path = CustomTabView.swift; sourceTree = "<group>"; };
		21F3CB10274D223F003A63C1 /* Videos.swift */ = {isa = PBXFileReference; lastKnownFileType = sourcecode.swift; path = Videos.swift; sourceTree = "<group>"; };
		21F3CB14274D6EE4003A63C1 /* Projects.swift */ = {isa = PBXFileReference; lastKnownFileType = sourcecode.swift; path = Projects.swift; sourceTree = "<group>"; };
		21F3CB16274D7196003A63C1 /* ProjectsDetailView.swift */ = {isa = PBXFileReference; lastKnownFileType = sourcecode.swift; path = ProjectsDetailView.swift; sourceTree = "<group>"; };
/* End PBXFileReference section */

/* Begin PBXFrameworksBuildPhase section */
		21F3CAF4274D0AA2003A63C1 /* Frameworks */ = {
			isa = PBXFrameworksBuildPhase;
			buildActionMask = 2147483647;
			files = (
			);
			runOnlyForDeploymentPostprocessing = 0;
		};
/* End PBXFrameworksBuildPhase section */

/* Begin PBXGroup section */
		21F3CAEE274D0AA2003A63C1 = {
			isa = PBXGroup;
			children = (
				21F3CAF9274D0AA2003A63C1 /* Showcase */,
				21F3CAF8274D0AA2003A63C1 /* Products */,
			);
			sourceTree = "<group>";
		};
		21F3CAF8274D0AA2003A63C1 /* Products */ = {
			isa = PBXGroup;
			children = (
				21F3CAF7274D0AA2003A63C1 /* Showcase.app */,
			);
			name = Products;
			sourceTree = "<group>";
		};
		21F3CAF9274D0AA2003A63C1 /* Showcase */ = {
			isa = PBXGroup;
			children = (
				21F3CAFA274D0AA2003A63C1 /* ShowcaseApp.swift */,
				21F3CAFC274D0AA2003A63C1 /* ContentView.swift */,
				21F3CAFE274D0AA4003A63C1 /* Assets.xcassets */,
				21F3CB00274D0AA4003A63C1 /* Preview Content */,
				21F3CB08274D1047003A63C1 /* ProjectsView.swift */,
				21F3CB0A274D1066003A63C1 /* TeamView.swift */,
				21F3CB0C274D107B003A63C1 /* VideosView.swift */,
				21F3CB0E274D1549003A63C1 /* CustomTabView.swift */,
				21F3CB13274D6E8D003A63C1 /* Model */,
				21F3CB16274D7196003A63C1 /* ProjectsDetailView.swift */,
			);
			path = Showcase;
			sourceTree = "<group>";
		};
		21F3CB00274D0AA4003A63C1 /* Preview Content */ = {
			isa = PBXGroup;
			children = (
				21F3CB01274D0AA4003A63C1 /* Preview Assets.xcassets */,
			);
			path = "Preview Content";
			sourceTree = "<group>";
		};
		21F3CB13274D6E8D003A63C1 /* Model */ = {
			isa = PBXGroup;
			children = (
				21F3CB10274D223F003A63C1 /* Videos.swift */,
				21F3CB14274D6EE4003A63C1 /* Projects.swift */,
			);
			path = Model;
			sourceTree = "<group>";
		};
/* End PBXGroup section */

/* Begin PBXNativeTarget section */
		21F3CAF6274D0AA2003A63C1 /* Showcase */ = {
			isa = PBXNativeTarget;
			buildConfigurationList = 21F3CB05274D0AA4003A63C1 /* Build configuration list for PBXNativeTarget "Showcase" */;
			buildPhases = (
				21F3CAF3274D0AA2003A63C1 /* Sources */,
				21F3CAF4274D0AA2003A63C1 /* Frameworks */,
				21F3CAF5274D0AA2003A63C1 /* Resources */,
			);
			buildRules = (
			);
			dependencies = (
			);
			name = Showcase;
			productName = Showcase;
			productReference = 21F3CAF7274D0AA2003A63C1 /* Showcase.app */;
			productType = "com.apple.product-type.application";
		};
/* End PBXNativeTarget section */

/* Begin PBXProject section */
		21F3CAEF274D0AA2003A63C1 /* Project object */ = {
			isa = PBXProject;
			attributes = {
				BuildIndependentTargetsInParallel = 1;
				LastSwiftUpdateCheck = 1310;
				LastUpgradeCheck = 1310;
				TargetAttributes = {
					21F3CAF6274D0AA2003A63C1 = {
						CreatedOnToolsVersion = 13.1;
					};
				};
			};
			buildConfigurationList = 21F3CAF2274D0AA2003A63C1 /* Build configuration list for PBXProject "Showcase" */;
			compatibilityVersion = "Xcode 13.0";
			developmentRegion = en;
			hasScannedForEncodings = 0;
			knownRegions = (
				en,
				Base,
			);
			mainGroup = 21F3CAEE274D0AA2003A63C1;
			productRefGroup = 21F3CAF8274D0AA2003A63C1 /* Products */;
			projectDirPath = "";
			projectRoot = "";
			targets = (
				21F3CAF6274D0AA2003A63C1 /* Showcase */,
			);
		};
/* End PBXProject section */

/* Begin PBXResourcesBuildPhase section */
		21F3CAF5274D0AA2003A63C1 /* Resources */ = {
			isa = PBXResourcesBuildPhase;
			buildActionMask = 2147483647;
			files = (
				21F3CB02274D0AA4003A63C1 /* Preview Assets.xcassets in Resources */,
				21F3CAFF274D0AA4003A63C1 /* Assets.xcassets in Resources */,
			);
			runOnlyForDeploymentPostprocessing = 0;
		};
/* End PBXResourcesBuildPhase section */

/* Begin PBXSourcesBuildPhase section */
		21F3CAF3274D0AA2003A63C1 /* Sources */ = {
			isa = PBXSourcesBuildPhase;
			buildActionMask = 2147483647;
			files = (
				21F3CB09274D1047003A63C1 /* ProjectsView.swift in Sources */,
				21F3CB0D274D107B003A63C1 /* VideosView.swift in Sources */,
				21F3CAFD274D0AA2003A63C1 /* ContentView.swift in Sources */,
				21F3CB15274D6EE4003A63C1 /* Projects.swift in Sources */,
				21F3CB11274D223F003A63C1 /* Videos.swift in Sources */,
				21F3CB17274D7196003A63C1 /* ProjectsDetailView.swift in Sources */,
				21F3CB0F274D1549003A63C1 /* CustomTabView.swift in Sources */,
				21F3CAFB274D0AA2003A63C1 /* ShowcaseApp.swift in Sources */,
				21F3CB0B274D1066003A63C1 /* TeamView.swift in Sources */,
			);
			runOnlyForDeploymentPostprocessing = 0;
		};
/* End PBXSourcesBuildPhase section */

/* Begin XCBuildConfiguration section */
		21F3CB03274D0AA4003A63C1 /* Debug */ = {
			isa = XCBuildConfiguration;
			buildSettings = {
				ALWAYS_SEARCH_USER_PATHS = NO;
				CLANG_ANALYZER_NONNULL = YES;
				CLANG_ANALYZER_NUMBER_OBJECT_CONVERSION = YES_AGGRESSIVE;
				CLANG_CXX_LANGUAGE_STANDARD = "gnu++17";
				CLANG_CXX_LIBRARY = "libc++";
				CLANG_ENABLE_MODULES = YES;
				CLANG_ENABLE_OBJC_ARC = YES;
				CLANG_ENABLE_OBJC_WEAK = YES;
				CLANG_WARN_BLOCK_CAPTURE_AUTORELEASING = YES;
				CLANG_WARN_BOOL_CONVERSION = YES;
				CLANG_WARN_COMMA = YES;
				CLANG_WARN_CONSTANT_CONVERSION = YES;
				CLANG_WARN_DEPRECATED_OBJC_IMPLEMENTATIONS = YES;
				CLANG_WARN_DIRECT_OBJC_ISA_USAGE = YES_ERROR;
				CLANG_WARN_DOCUMENTATION_COMMENTS = YES;
				CLANG_WARN_EMPTY_BODY = YES;
				CLANG_WARN_ENUM_CONVERSION = YES;
				CLANG_WARN_INFINITE_RECURSION = YES;
				CLANG_WARN_INT_CONVERSION = YES;
				CLANG_WARN_NON_LITERAL_NULL_CONVERSION = YES;
				CLANG_WARN_OBJC_IMPLICIT_RETAIN_SELF = YES;
				CLANG_WARN_OBJC_LITERAL_CONVERSION = YES;
				CLANG_WARN_OBJC_ROOT_CLASS = YES_ERROR;
				CLANG_WARN_QUOTED_INCLUDE_IN_FRAMEWORK_HEADER = YES;
				CLANG_WARN_RANGE_LOOP_ANALYSIS = YES;
				CLANG_WARN_STRICT_PROTOTYPES = YES;
				CLANG_WARN_SUSPICIOUS_MOVE = YES;
				CLANG_WARN_UNGUARDED_AVAILABILITY = YES_AGGRESSIVE;
				CLANG_WARN_UNREACHABLE_CODE = YES;
				CLANG_WARN__DUPLICATE_METHOD_MATCH = YES;
				COPY_PHASE_STRIP = NO;
				DEBUG_INFORMATION_FORMAT = dwarf;
				ENABLE_STRICT_OBJC_MSGSEND = YES;
				ENABLE_TESTABILITY = YES;
				GCC_C_LANGUAGE_STANDARD = gnu11;
				GCC_DYNAMIC_NO_PIC = NO;
				GCC_NO_COMMON_BLOCKS = YES;
				GCC_OPTIMIZATION_LEVEL = 0;
				GCC_PREPROCESSOR_DEFINITIONS = (
					"DEBUG=1",
					"$(inherited)",
				);
				GCC_WARN_64_TO_32_BIT_CONVERSION = YES;
				GCC_WARN_ABOUT_RETURN_TYPE = YES_ERROR;
				GCC_WARN_UNDECLARED_SELECTOR = YES;
				GCC_WARN_UNINITIALIZED_AUTOS = YES_AGGRESSIVE;
				GCC_WARN_UNUSED_FUNCTION = YES;
				GCC_WARN_UNUSED_VARIABLE = YES;
				IPHONEOS_DEPLOYMENT_TARGET = 15.0;
				MTL_ENABLE_DEBUG_INFO = INCLUDE_SOURCE;
				MTL_FAST_MATH = YES;
				ONLY_ACTIVE_ARCH = YES;
				SDKROOT = iphoneos;
				SWIFT_ACTIVE_COMPILATION_CONDITIONS = DEBUG;
				SWIFT_OPTIMIZATION_LEVEL = "-Onone";
			};
			name = Debug;
		};
		21F3CB04274D0AA4003A63C1 /* Release */ = {
			isa = XCBuildConfiguration;
			buildSettings = {
				ALWAYS_SEARCH_USER_PATHS = NO;
				CLANG_ANALYZER_NONNULL = YES;
				CLANG_ANALYZER_NUMBER_OBJECT_CONVERSION = YES_AGGRESSIVE;
				CLANG_CXX_LANGUAGE_STANDARD = "gnu++17";
				CLANG_CXX_LIBRARY = "libc++";
				CLANG_ENABLE_MODULES = YES;
				CLANG_ENABLE_OBJC_ARC = YES;
				CLANG_ENABLE_OBJC_WEAK = YES;
				CLANG_WARN_BLOCK_CAPTURE_AUTORELEASING = YES;
				CLANG_WARN_BOOL_CONVERSION = YES;
				CLANG_WARN_COMMA = YES;
				CLANG_WARN_CONSTANT_CONVERSION = YES;
				CLANG_WARN_DEPRECATED_OBJC_IMPLEMENTATIONS = YES;
				CLANG_WARN_DIRECT_OBJC_ISA_USAGE = YES_ERROR;
				CLANG_WARN_DOCUMENTATION_COMMENTS = YES;
				CLANG_WARN_EMPTY_BODY = YES;
				CLANG_WARN_ENUM_CONVERSION = YES;
				CLANG_WARN_INFINITE_RECURSION = YES;
				CLANG_WARN_INT_CONVERSION = YES;
				CLANG_WARN_NON_LITERAL_NULL_CONVERSION = YES;
				CLANG_WARN_OBJC_IMPLICIT_RETAIN_SELF = YES;
				CLANG_WARN_OBJC_LITERAL_CONVERSION = YES;
				CLANG_WARN_OBJC_ROOT_CLASS = YES_ERROR;
				CLANG_WARN_QUOTED_INCLUDE_IN_FRAMEWORK_HEADER = YES;
				CLANG_WARN_RANGE_LOOP_ANALYSIS = YES;
				CLANG_WARN_STRICT_PROTOTYPES = YES;
				CLANG_WARN_SUSPICIOUS_MOVE = YES;
				CLANG_WARN_UNGUARDED_AVAILABILITY = YES_AGGRESSIVE;
				CLANG_WARN_UNREACHABLE_CODE = YES;
				CLANG_WARN__DUPLICATE_METHOD_MATCH = YES;
				COPY_PHASE_STRIP = NO;
				DEBUG_INFORMATION_FORMAT = "dwarf-with-dsym";
				ENABLE_NS_ASSERTIONS = NO;
				ENABLE_STRICT_OBJC_MSGSEND = YES;
				GCC_C_LANGUAGE_STANDARD = gnu11;
				GCC_NO_COMMON_BLOCKS = YES;
				GCC_WARN_64_TO_32_BIT_CONVERSION = YES;
				GCC_WARN_ABOUT_RETURN_TYPE = YES_ERROR;
				GCC_WARN_UNDECLARED_SELECTOR = YES;
				GCC_WARN_UNINITIALIZED_AUTOS = YES_AGGRESSIVE;
				GCC_WARN_UNUSED_FUNCTION = YES;
				GCC_WARN_UNUSED_VARIABLE = YES;
				IPHONEOS_DEPLOYMENT_TARGET = 15.0;
				MTL_ENABLE_DEBUG_INFO = NO;
				MTL_FAST_MATH = YES;
				SDKROOT = iphoneos;
				SWIFT_COMPILATION_MODE = wholemodule;
				SWIFT_OPTIMIZATION_LEVEL = "-O";
				VALIDATE_PRODUCT = YES;
			};
			name = Release;
		};
		21F3CB06274D0AA4003A63C1 /* Debug */ = {
			isa = XCBuildConfiguration;
			buildSettings = {
				ASSETCATALOG_COMPILER_APPICON_NAME = AppIcon;
				ASSETCATALOG_COMPILER_GLOBAL_ACCENT_COLOR_NAME = AccentColor;
				CODE_SIGN_STYLE = Automatic;
				CURRENT_PROJECT_VERSION = 1;
				DEVELOPMENT_ASSET_PATHS = "\"Showcase/Preview Content\"";
				DEVELOPMENT_TEAM = UNH9RRLG8L;
				ENABLE_PREVIEWS = YES;
				GENERATE_INFOPLIST_FILE = YES;
				INFOPLIST_KEY_UIApplicationSceneManifest_Generation = YES;
				INFOPLIST_KEY_UIApplicationSupportsIndirectInputEvents = YES;
				INFOPLIST_KEY_UILaunchScreen_Generation = YES;
				INFOPLIST_KEY_UISupportedInterfaceOrientations_iPad = "UIInterfaceOrientationPortrait UIInterfaceOrientationPortraitUpsideDown UIInterfaceOrientationLandscapeLeft UIInterfaceOrientationLandscapeRight";
				INFOPLIST_KEY_UISupportedInterfaceOrientations_iPhone = "UIInterfaceOrientationPortrait UIInterfaceOrientationLandscapeLeft UIInterfaceOrientationLandscapeRight";
				LD_RUNPATH_SEARCH_PATHS = (
					"$(inherited)",
					"@executable_path/Frameworks",
				);
				MARKETING_VERSION = 1.0;
				PRODUCT_BUNDLE_IDENTIFIER = com.abacomm.Showcase;
				PRODUCT_NAME = "$(TARGET_NAME)";
				SWIFT_EMIT_LOC_STRINGS = YES;
				SWIFT_VERSION = 5.0;
				TARGETED_DEVICE_FAMILY = "1,2";
			};
			name = Debug;
		};
		21F3CB07274D0AA4003A63C1 /* Release */ = {
			isa = XCBuildConfiguration;
			buildSettings = {
				ASSETCATALOG_COMPILER_APPICON_NAME = AppIcon;
				ASSETCATALOG_COMPILER_GLOBAL_ACCENT_COLOR_NAME = AccentColor;
				CODE_SIGN_STYLE = Automatic;
				CURRENT_PROJECT_VERSION = 1;
				DEVELOPMENT_ASSET_PATHS = "\"Showcase/Preview Content\"";
				DEVELOPMENT_TEAM = UNH9RRLG8L;
				ENABLE_PREVIEWS = YES;
				GENERATE_INFOPLIST_FILE = YES;
				INFOPLIST_KEY_UIApplicationSceneManifest_Generation = YES;
				INFOPLIST_KEY_UIApplicationSupportsIndirectInputEvents = YES;
				INFOPLIST_KEY_UILaunchScreen_Generation = YES;
				INFOPLIST_KEY_UISupportedInterfaceOrientations_iPad = "UIInterfaceOrientationPortrait UIInterfaceOrientationPortraitUpsideDown UIInterfaceOrientationLandscapeLeft UIInterfaceOrientationLandscapeRight";
				INFOPLIST_KEY_UISupportedInterfaceOrientations_iPhone = "UIInterfaceOrientationPortrait UIInterfaceOrientationLandscapeLeft UIInterfaceOrientationLandscapeRight";
				LD_RUNPATH_SEARCH_PATHS = (
					"$(inherited)",
					"@executable_path/Frameworks",
				);
				MARKETING_VERSION = 1.0;
				PRODUCT_BUNDLE_IDENTIFIER = com.abacomm.Showcase;
				PRODUCT_NAME = "$(TARGET_NAME)";
				SWIFT_EMIT_LOC_STRINGS = YES;
				SWIFT_VERSION = 5.0;
				TARGETED_DEVICE_FAMILY = "1,2";
			};
			name = Release;
		};
/* End XCBuildConfiguration section */

/* Begin XCConfigurationList section */
		21F3CAF2274D0AA2003A63C1 /* Build configuration list for PBXProject "Showcase" */ = {
			isa = XCConfigurationList;
			buildConfigurations = (
				21F3CB03274D0AA4003A63C1 /* Debug */,
				21F3CB04274D0AA4003A63C1 /* Release */,
			);
			defaultConfigurationIsVisible = 0;
			defaultConfigurationName = Release;
		};
		21F3CB05274D0AA4003A63C1 /* Build configuration list for PBXNativeTarget "Showcase" */ = {
			isa = XCConfigurationList;
			buildConfigurations = (
				21F3CB06274D0AA4003A63C1 /* Debug */,
				21F3CB07274D0AA4003A63C1 /* Release */,
			);
			defaultConfigurationIsVisible = 0;
			defaultConfigurationName = Release;
		};
/* End XCConfigurationList section */
	};
	rootObject = 21F3CAEF274D0AA2003A63C1 /* Project object */;
}
